
Microsoft Visual Studio Solution File, Format Version 12.00
# Visual Studio 15
VisualStudioVersion = 15.0.27428.2037
MinimumVisualStudioVersion = 10.0.40219.1
Project("{9A19103F-16F7-4668-BE54-9A1E7A4F7556}") = "User.Domain", "..\Users.Domain\User.Domain.csproj", "{434BF422-98A1-46D0-8AF3-179BFB81ED5F}"
EndProject
Project("{9A19103F-16F7-4668-BE54-9A1E7A4F7556}") = "User.Domain.Core", "..\Users.Domain.Core\User.Domain.Core.csproj", "{56E28A59-ACD6-47B5-8521-7F56584CF08F}"
EndProject
Project("{9A19103F-16F7-4668-BE54-9A1E7A4F7556}") = "User.Presentation", "..\Users.Api\User.Presentation.csproj", "{2729D24A-4A65-4297-A52A-3B9462131413}"
EndProject
Project("{9A19103F-16F7-4668-BE54-9A1E7A4F7556}") = "User.Infra.Persistence", "..\Users.Infra.Persistence\User.Infra.Persistence.csproj", "{E5C4F932-BE6E-41B8-8ECF-3416824CECD0}"
EndProject
Project("{9A19103F-16F7-4668-BE54-9A1E7A4F7556}") = "User.CrossCutting.IoC", "..\Users.CrossCutting\Users.CrossCutting.IoC\User.CrossCutting.IoC.csproj", "{F82F3022-BD8B-4054-959E-703313CEADE4}"
EndProject
Project("{9A19103F-16F7-4668-BE54-9A1E7A4F7556}") = "User.CrossCutting.Bus", "..\Users.CrossCutting\Users.CrossCutting.Bus\User.CrossCutting.Bus.csproj", "{70AFDA23-DC1B-4AD2-9794-BBD0BA0630A5}"
EndProject
Global
	GlobalSection(SolutionConfigurationPlatforms) = preSolution
		Debug|Any CPU = Debug|Any CPU
		Release|Any CPU = Release|Any CPU
	EndGlobalSection
	GlobalSection(ProjectConfigurationPlatforms) = postSolution
		{434BF422-98A1-46D0-8AF3-179BFB81ED5F}.Debug|Any CPU.ActiveCfg = Debug|Any CPU
		{434BF422-98A1-46D0-8AF3-179BFB81ED5F}.Debug|Any CPU.Build.0 = Debug|Any CPU
		{434BF422-98A1-46D0-8AF3-179BFB81ED5F}.Release|Any CPU.ActiveCfg = Release|Any CPU
		{434BF422-98A1-46D0-8AF3-179BFB81ED5F}.Release|Any CPU.Build.0 = Release|Any CPU
		{56E28A59-ACD6-47B5-8521-7F56584CF08F}.Debug|Any CPU.ActiveCfg = Debug|Any CPU
		{56E28A59-ACD6-47B5-8521-7F56584CF08F}.Debug|Any CPU.Build.0 = Debug|Any CPU
		{56E28A59-ACD6-47B5-8521-7F56584CF08F}.Release|Any CPU.ActiveCfg = Release|Any CPU
		{56E28A59-ACD6-47B5-8521-7F56584CF08F}.Release|Any CPU.Build.0 = Release|Any CPU
		{2729D24A-4A65-4297-A52A-3B9462131413}.Debug|Any CPU.ActiveCfg = Debug|Any CPU
		{2729D24A-4A65-4297-A52A-3B9462131413}.Debug|Any CPU.Build.0 = Debug|Any CPU
		{2729D24A-4A65-4297-A52A-3B9462131413}.Release|Any CPU.ActiveCfg = Release|Any CPU
		{2729D24A-4A65-4297-A52A-3B9462131413}.Release|Any CPU.Build.0 = Release|Any CPU
		{E5C4F932-BE6E-41B8-8ECF-3416824CECD0}.Debug|Any CPU.ActiveCfg = Debug|Any CPU
		{E5C4F932-BE6E-41B8-8ECF-3416824CECD0}.Debug|Any CPU.Build.0 = Debug|Any CPU
		{E5C4F932-BE6E-41B8-8ECF-3416824CECD0}.Release|Any CPU.ActiveCfg = Release|Any CPU
		{E5C4F932-BE6E-41B8-8ECF-3416824CECD0}.Release|Any CPU.Build.0 = Release|Any CPU
		{F82F3022-BD8B-4054-959E-703313CEADE4}.Debug|Any CPU.ActiveCfg = Debug|Any CPU
		{F82F3022-BD8B-4054-959E-703313CEADE4}.Debug|Any CPU.Build.0 = Debug|Any CPU
		{F82F3022-BD8B-4054-959E-703313CEADE4}.Release|Any CPU.ActiveCfg = Release|Any CPU
		{F82F3022-BD8B-4054-959E-703313CEADE4}.Release|Any CPU.Build.0 = Release|Any CPU
		{70AFDA23-DC1B-4AD2-9794-BBD0BA0630A5}.Debug|Any CPU.ActiveCfg = Debug|Any CPU
		{70AFDA23-DC1B-4AD2-9794-BBD0BA0630A5}.Debug|Any CPU.Build.0 = Debug|Any CPU
		{70AFDA23-DC1B-4AD2-9794-BBD0BA0630A5}.Release|Any CPU.ActiveCfg = Release|Any CPU
		{70AFDA23-DC1B-4AD2-9794-BBD0BA0630A5}.Release|Any CPU.Build.0 = Release|Any CPU
	EndGlobalSection
	GlobalSection(SolutionProperties) = preSolution
		HideSolutionNode = FALSE
	EndGlobalSection
	GlobalSection(ExtensibilityGlobals) = postSolution
		SolutionGuid = {0BC1BECA-0545-4B06-B979-B08862999F3C}
	EndGlobalSection
EndGlobal
